
Microsoft Visual Studio Solution File, Format Version 12.00
# Visual Studio Version 16
VisualStudioVersion = 16.0.30413.136
MinimumVisualStudioVersion = 10.0.40219.1
Project("{FAE04EC0-301F-11D3-BF4B-00C04F79EFBC}") = "Test_AITS", "Test_AITS\Test_AITS.csproj", "{D1BD5FCD-EF7D-4DCD-B2E6-51945131A904}"
EndProject
Global
	GlobalSection(SolutionConfigurationPlatforms) = preSolution
		Debug|Any CPU = Debug|Any CPU
		Release|Any CPU = Release|Any CPU
	EndGlobalSection
	GlobalSection(ProjectConfigurationPlatforms) = postSolution
		{D1BD5FCD-EF7D-4DCD-B2E6-51945131A904}.Debug|Any CPU.ActiveCfg = Debug|Any CPU
		{D1BD5FCD-EF7D-4DCD-B2E6-51945131A904}.Debug|Any CPU.Build.0 = Debug|Any CPU
		{D1BD5FCD-EF7D-4DCD-B2E6-51945131A904}.Release|Any CPU.ActiveCfg = Release|Any CPU
		{D1BD5FCD-EF7D-4DCD-B2E6-51945131A904}.Release|Any CPU.Build.0 = Release|Any CPU
	EndGlobalSection
	GlobalSection(SolutionProperties) = preSolution
		HideSolutionNode = FALSE
	EndGlobalSection
	GlobalSection(ExtensibilityGlobals) = postSolution
		SolutionGuid = {206359B8-5D1E-44BA-9939-CDABBDCC616A}
	EndGlobalSection
EndGlobal
